{
  "requires": true,
  "lockfileVersion": 1,
  "dependencies": {
    "moize": {
      "version": "4.0.3",
      "resolved": "http://localhost:4873/moize/-/moize-4.0.3.tgz",
      "integrity": "sha512-0R/XtwP0Q3Tja+ryEmG8Ymb2RKz+tt0mU2uwRA3QeuxB90ckvFH8ZzUHOv+nS8DpN1YF97kAj/siGb29U3/XMA=="
    }
  }
}
